
Microsoft Visual Studio Solution File, Format Version 12.00
# Visual Studio 15
VisualStudioVersion = 15.0.27004.2009
MinimumVisualStudioVersion = 10.0.40219.1
Project("{FAE04EC0-301F-11D3-BF4B-00C04F79EFBC}") = "ANW.ComposerApp", "ANW.ComposerApp\ANW.ComposerApp.csproj", "{267D8A05-C0A1-439A-AF67-2074D8BAB49E}"
EndProject
Project("{FAE04EC0-301F-11D3-BF4B-00C04F79EFBC}") = "ANW.ComposerTests", "ANW.ComposerTests\ANW.ComposerTests.csproj", "{0B69C611-9800-47A6-BFFB-14BF026F40E5}"
EndProject
Project("{FAE04EC0-301F-11D3-BF4B-00C04F79EFBC}") = "ANW.ComposerService", "ANW.ComposerService\ANW.ComposerService.csproj", "{47015B0C-7A63-4204-930D-6FE7DD7B0B9E}"
EndProject
Project("{FAE04EC0-301F-11D3-BF4B-00C04F79EFBC}") = "ANW.ComposerRepository", "ANW.ComposerRepository\ANW.ComposerRepository.csproj", "{B8FBEDE4-7A95-4E27-96CB-1675C9158F11}"
EndProject
Project("{FAE04EC0-301F-11D3-BF4B-00C04F79EFBC}") = "ANW.ComposerModels", "ANW.ComposerModels\ANW.ComposerModels.csproj", "{31E56E21-BCD1-428D-9F7D-215F3D981C7C}"
EndProject
Global
	GlobalSection(SolutionConfigurationPlatforms) = preSolution
		Debug|Any CPU = Debug|Any CPU
		Release|Any CPU = Release|Any CPU
	EndGlobalSection
	GlobalSection(ProjectConfigurationPlatforms) = postSolution
		{267D8A05-C0A1-439A-AF67-2074D8BAB49E}.Debug|Any CPU.ActiveCfg = Debug|Any CPU
		{267D8A05-C0A1-439A-AF67-2074D8BAB49E}.Debug|Any CPU.Build.0 = Debug|Any CPU
		{267D8A05-C0A1-439A-AF67-2074D8BAB49E}.Release|Any CPU.ActiveCfg = Release|Any CPU
		{267D8A05-C0A1-439A-AF67-2074D8BAB49E}.Release|Any CPU.Build.0 = Release|Any CPU
		{0B69C611-9800-47A6-BFFB-14BF026F40E5}.Debug|Any CPU.ActiveCfg = Debug|Any CPU
		{0B69C611-9800-47A6-BFFB-14BF026F40E5}.Debug|Any CPU.Build.0 = Debug|Any CPU
		{0B69C611-9800-47A6-BFFB-14BF026F40E5}.Release|Any CPU.ActiveCfg = Release|Any CPU
		{0B69C611-9800-47A6-BFFB-14BF026F40E5}.Release|Any CPU.Build.0 = Release|Any CPU
		{47015B0C-7A63-4204-930D-6FE7DD7B0B9E}.Debug|Any CPU.ActiveCfg = Debug|Any CPU
		{47015B0C-7A63-4204-930D-6FE7DD7B0B9E}.Debug|Any CPU.Build.0 = Debug|Any CPU
		{47015B0C-7A63-4204-930D-6FE7DD7B0B9E}.Release|Any CPU.ActiveCfg = Release|Any CPU
		{47015B0C-7A63-4204-930D-6FE7DD7B0B9E}.Release|Any CPU.Build.0 = Release|Any CPU
		{B8FBEDE4-7A95-4E27-96CB-1675C9158F11}.Debug|Any CPU.ActiveCfg = Debug|Any CPU
		{B8FBEDE4-7A95-4E27-96CB-1675C9158F11}.Debug|Any CPU.Build.0 = Debug|Any CPU
		{B8FBEDE4-7A95-4E27-96CB-1675C9158F11}.Release|Any CPU.ActiveCfg = Release|Any CPU
		{B8FBEDE4-7A95-4E27-96CB-1675C9158F11}.Release|Any CPU.Build.0 = Release|Any CPU
		{31E56E21-BCD1-428D-9F7D-215F3D981C7C}.Debug|Any CPU.ActiveCfg = Debug|Any CPU
		{31E56E21-BCD1-428D-9F7D-215F3D981C7C}.Debug|Any CPU.Build.0 = Debug|Any CPU
		{31E56E21-BCD1-428D-9F7D-215F3D981C7C}.Release|Any CPU.ActiveCfg = Release|Any CPU
		{31E56E21-BCD1-428D-9F7D-215F3D981C7C}.Release|Any CPU.Build.0 = Release|Any CPU
	EndGlobalSection
	GlobalSection(SolutionProperties) = preSolution
		HideSolutionNode = FALSE
	EndGlobalSection
	GlobalSection(ExtensibilityGlobals) = postSolution
		SolutionGuid = {0CE8F65C-A95C-42D3-A961-69F404206915}
	EndGlobalSection
EndGlobal
